
Microsoft Visual Studio Solution File, Format Version 12.00
# Visual Studio 15
VisualStudioVersion = 15.0.26730.12
MinimumVisualStudioVersion = 10.0.40219.1
Project("{9A19103F-16F7-4668-BE54-9A1E7A4F7556}") = "DefaultArchitecture", "DefaultArchitecture\DefaultArchitecture.csproj", "{9331202D-0366-4B4A-B098-A4FC2AE25E29}"
EndProject
Project("{9A19103F-16F7-4668-BE54-9A1E7A4F7556}") = "Persistence", "Persistence\Persistence.csproj", "{F58B9429-4E97-4D90-B294-41BB1FE6857E}"
EndProject
Project("{9A19103F-16F7-4668-BE54-9A1E7A4F7556}") = "Domain", "Domain\Domain.csproj", "{AEB51EE9-82BB-4948-A344-0864CFA83510}"
EndProject
Project("{9A19103F-16F7-4668-BE54-9A1E7A4F7556}") = "Repository", "Repository\Repository.csproj", "{144BEBE6-F947-48D6-889C-47F0CF392D05}"
EndProject
Project("{FAE04EC0-301F-11D3-BF4B-00C04F79EFBC}") = "Extensions", "Extensions\Extensions.csproj", "{AE6B4FAB-3BBE-4F37-8734-0B525AEF34CD}"
EndProject
Global
	GlobalSection(SolutionConfigurationPlatforms) = preSolution
		Debug|Any CPU = Debug|Any CPU
		Release|Any CPU = Release|Any CPU
	EndGlobalSection
	GlobalSection(ProjectConfigurationPlatforms) = postSolution
		{9331202D-0366-4B4A-B098-A4FC2AE25E29}.Debug|Any CPU.ActiveCfg = Debug|Any CPU
		{9331202D-0366-4B4A-B098-A4FC2AE25E29}.Debug|Any CPU.Build.0 = Debug|Any CPU
		{9331202D-0366-4B4A-B098-A4FC2AE25E29}.Release|Any CPU.ActiveCfg = Release|Any CPU
		{9331202D-0366-4B4A-B098-A4FC2AE25E29}.Release|Any CPU.Build.0 = Release|Any CPU
		{F58B9429-4E97-4D90-B294-41BB1FE6857E}.Debug|Any CPU.ActiveCfg = Debug|Any CPU
		{F58B9429-4E97-4D90-B294-41BB1FE6857E}.Debug|Any CPU.Build.0 = Debug|Any CPU
		{F58B9429-4E97-4D90-B294-41BB1FE6857E}.Release|Any CPU.ActiveCfg = Release|Any CPU
		{F58B9429-4E97-4D90-B294-41BB1FE6857E}.Release|Any CPU.Build.0 = Release|Any CPU
		{AEB51EE9-82BB-4948-A344-0864CFA83510}.Debug|Any CPU.ActiveCfg = Debug|Any CPU
		{AEB51EE9-82BB-4948-A344-0864CFA83510}.Debug|Any CPU.Build.0 = Debug|Any CPU
		{AEB51EE9-82BB-4948-A344-0864CFA83510}.Release|Any CPU.ActiveCfg = Release|Any CPU
		{AEB51EE9-82BB-4948-A344-0864CFA83510}.Release|Any CPU.Build.0 = Release|Any CPU
		{144BEBE6-F947-48D6-889C-47F0CF392D05}.Debug|Any CPU.ActiveCfg = Debug|Any CPU
		{144BEBE6-F947-48D6-889C-47F0CF392D05}.Debug|Any CPU.Build.0 = Debug|Any CPU
		{144BEBE6-F947-48D6-889C-47F0CF392D05}.Release|Any CPU.ActiveCfg = Release|Any CPU
		{144BEBE6-F947-48D6-889C-47F0CF392D05}.Release|Any CPU.Build.0 = Release|Any CPU
		{AE6B4FAB-3BBE-4F37-8734-0B525AEF34CD}.Debug|Any CPU.ActiveCfg = Debug|Any CPU
		{AE6B4FAB-3BBE-4F37-8734-0B525AEF34CD}.Debug|Any CPU.Build.0 = Debug|Any CPU
		{AE6B4FAB-3BBE-4F37-8734-0B525AEF34CD}.Release|Any CPU.ActiveCfg = Release|Any CPU
		{AE6B4FAB-3BBE-4F37-8734-0B525AEF34CD}.Release|Any CPU.Build.0 = Release|Any CPU
	EndGlobalSection
	GlobalSection(SolutionProperties) = preSolution
		HideSolutionNode = FALSE
	EndGlobalSection
	GlobalSection(ExtensibilityGlobals) = postSolution
		SolutionGuid = {D03A554F-C432-4110-8A2E-056F60F23410}
	EndGlobalSection
EndGlobal
